// !$*UTF8*$!
{
	archiveVersion = 1;
	classes = {
	};
	objectVersion = 50;
	objects = {

/* Begin PBXBuildFile section */
		6509B849220BD6A900BF8588 /* HeadingAngleSmall.png in Resources */ = {isa = PBXBuildFile; fileRef = 6509B83C220BD6A900BF8588 /* HeadingAngleSmall.png */; };
		6509B84A220BD6A900BF8588 /* HeadingAngleSmall@2x.png in Resources */ = {isa = PBXBuildFile; fileRef = 6509B83D220BD6A900BF8588 /* HeadingAngleSmall@2x.png */; };
		6509B84B220BD6A900BF8588 /* icon_clustering.png in Resources */ = {isa = PBXBuildFile; fileRef = 6509B83E220BD6A900BF8588 /* icon_clustering.png */; };
		6509B84C220BD6A900BF8588 /* icon_clustering@2x.png in Resources */ = {isa = PBXBuildFile; fileRef = 6509B83F220BD6A900BF8588 /* icon_clustering@2x.png */; };
		6509B84D220BD6A900BF8588 /* mapbg_tlogo.png in Resources */ = {isa = PBXBuildFile; fileRef = 6509B840220BD6A900BF8588 /* mapbg_tlogo.png */; };
		6509B84E220BD6A900BF8588 /* mapbg_tlogo@2x.png in Resources */ = {isa = PBXBuildFile; fileRef = 6509B841220BD6A900BF8588 /* mapbg_tlogo@2x.png */; };
		6509B84F220BD6A900BF8588 /* poweredby.png in Resources */ = {isa = PBXBuildFile; fileRef = 6509B842220BD6A900BF8588 /* poweredby.png */; };
		6509B850220BD6A900BF8588 /* poweredby@2x.png in Resources */ = {isa = PBXBuildFile; fileRef = 6509B843220BD6A900BF8588 /* poweredby@2x.png */; };
		6509B851220BD6A900BF8588 /* TrackingDot.png in Resources */ = {isa = PBXBuildFile; fileRef = 6509B844220BD6A900BF8588 /* TrackingDot.png */; };
		6509B852220BD6A900BF8588 /* TrackingDot@2x.png in Resources */ = {isa = PBXBuildFile; fileRef = 6509B845220BD6A900BF8588 /* TrackingDot@2x.png */; };
		6509B853220BD6A900BF8588 /* TrackingDotHalo.png in Resources */ = {isa = PBXBuildFile; fileRef = 6509B846220BD6A900BF8588 /* TrackingDotHalo.png */; };
		6509B854220BD6A900BF8588 /* TrackingDotHalo@2x.png in Resources */ = {isa = PBXBuildFile; fileRef = 6509B847220BD6A900BF8588 /* TrackingDotHalo@2x.png */; };
		6509B855220BD6A900BF8588 /* TopLib_Op.a in Frameworks */ = {isa = PBXBuildFile; fileRef = 6509B848220BD6A900BF8588 /* TopLib_Op.a */; };
		6516427A21F804CA00F29B16 /* AppDelegate.m in Sources */ = {isa = PBXBuildFile; fileRef = 6516427921F804CA00F29B16 /* AppDelegate.m */; };
		6516427D21F804CA00F29B16 /* CurrentLocationViewController.m in Sources */ = {isa = PBXBuildFile; fileRef = 6516427C21F804CA00F29B16 /* CurrentLocationViewController.m */; };
		6516428021F804CA00F29B16 /* SecondViewController.m in Sources */ = {isa = PBXBuildFile; fileRef = 6516427F21F804CA00F29B16 /* SecondViewController.m */; };
		6516428321F804CA00F29B16 /* Main.storyboard in Resources */ = {isa = PBXBuildFile; fileRef = 6516428121F804CA00F29B16 /* Main.storyboard */; };
		6516428821F804D400F29B16 /* LaunchScreen.storyboard in Resources */ = {isa = PBXBuildFile; fileRef = 6516428621F804D400F29B16 /* LaunchScreen.storyboard */; };
		6516428B21F804D400F29B16 /* main.m in Sources */ = {isa = PBXBuildFile; fileRef = 6516428A21F804D400F29B16 /* main.m */; };
		651642C321F8066900F29B16 /* CoreTelephony.framework in Frameworks */ = {isa = PBXBuildFile; fileRef = 651642C221F8066900F29B16 /* CoreTelephony.framework */; };
		6516433921F81BEC00F29B16 /* Assets.xcassets in Resources */ = {isa = PBXBuildFile; fileRef = 6516433821F81BEC00F29B16 /* Assets.xcassets */; };
/* End PBXBuildFile section */

/* Begin PBXFileReference section */
		6509B828220BD6A900BF8588 /* BizCategory.h */ = {isa = PBXFileReference; fileEncoding = 4; lastKnownFileType = sourcecode.c.h; path = BizCategory.h; sourceTree = "<group>"; };
		6509B829220BD6A900BF8588 /* TMap.h */ = {isa = PBXFileReference; fileEncoding = 4; lastKnownFileType = sourcecode.c.h; path = TMap.h; sourceTree = "<group>"; };
		6509B82A220BD6A900BF8588 /* TMapAnnotation.h */ = {isa = PBXFileReference; fileEncoding = 4; lastKnownFileType = sourcecode.c.h; path = TMapAnnotation.h; sourceTree = "<group>"; };
		6509B82B220BD6A900BF8588 /* TMapBaseView.h */ = {isa = PBXFileReference; fileEncoding = 4; lastKnownFileType = sourcecode.c.h; path = TMapBaseView.h; sourceTree = "<group>"; };
		6509B82C220BD6A900BF8588 /* TMapCircle.h */ = {isa = PBXFileReference; fileEncoding = 4; lastKnownFileType = sourcecode.c.h; path = TMapCircle.h; sourceTree = "<group>"; };
		6509B82D220BD6A900BF8588 /* TMapGpsManager.h */ = {isa = PBXFileReference; fileEncoding = 4; lastKnownFileType = sourcecode.c.h; path = TMapGpsManager.h; sourceTree = "<group>"; };
		6509B82E220BD6A900BF8588 /* TMapKatec.h */ = {isa = PBXFileReference; fileEncoding = 4; lastKnownFileType = sourcecode.c.h; path = TMapKatec.h; sourceTree = "<group>"; };
		6509B82F220BD6A900BF8588 /* TMapMarkerItem.h */ = {isa = PBXFileReference; fileEncoding = 4; lastKnownFileType = sourcecode.c.h; path = TMapMarkerItem.h; sourceTree = "<group>"; };
		6509B830220BD6A900BF8588 /* TMapMarkerItem2.h */ = {isa = PBXFileReference; fileEncoding = 4; lastKnownFileType = sourcecode.c.h; path = TMapMarkerItem2.h; sourceTree = "<group>"; };
		6509B831220BD6A900BF8588 /* TMapObject.h */ = {isa = PBXFileReference; fileEncoding = 4; lastKnownFileType = sourcecode.c.h; path = TMapObject.h; sourceTree = "<group>"; };
		6509B832220BD6A900BF8588 /* TMapOverlayItem.h */ = {isa = PBXFileReference; fileEncoding = 4; lastKnownFileType = sourcecode.c.h; path = TMapOverlayItem.h; sourceTree = "<group>"; };
		6509B833220BD6A900BF8588 /* TMapPathData.h */ = {isa = PBXFileReference; fileEncoding = 4; lastKnownFileType = sourcecode.c.h; path = TMapPathData.h; sourceTree = "<group>"; };
		6509B834220BD6A900BF8588 /* TMapPOIItem.h */ = {isa = PBXFileReference; fileEncoding = 4; lastKnownFileType = sourcecode.c.h; path = TMapPOIItem.h; sourceTree = "<group>"; };
		6509B835220BD6A900BF8588 /* TMapPoint.h */ = {isa = PBXFileReference; fileEncoding = 4; lastKnownFileType = sourcecode.c.h; path = TMapPoint.h; sourceTree = "<group>"; };
		6509B836220BD6A900BF8588 /* TMapPolygon.h */ = {isa = PBXFileReference; fileEncoding = 4; lastKnownFileType = sourcecode.c.h; path = TMapPolygon.h; sourceTree = "<group>"; };
		6509B837220BD6A900BF8588 /* TMapPolyLine.h */ = {isa = PBXFileReference; fileEncoding = 4; lastKnownFileType = sourcecode.c.h; path = TMapPolyLine.h; sourceTree = "<group>"; };
		6509B838220BD6A900BF8588 /* TMapTapi.h */ = {isa = PBXFileReference; fileEncoding = 4; lastKnownFileType = sourcecode.c.h; path = TMapTapi.h; sourceTree = "<group>"; };
		6509B839220BD6A900BF8588 /* TMapType.h */ = {isa = PBXFileReference; fileEncoding = 4; lastKnownFileType = sourcecode.c.h; path = TMapType.h; sourceTree = "<group>"; };
		6509B83A220BD6A900BF8588 /* TMapView.h */ = {isa = PBXFileReference; fileEncoding = 4; lastKnownFileType = sourcecode.c.h; path = TMapView.h; sourceTree = "<group>"; };
		6509B83C220BD6A900BF8588 /* HeadingAngleSmall.png */ = {isa = PBXFileReference; lastKnownFileType = image.png; path = HeadingAngleSmall.png; sourceTree = "<group>"; };
		6509B83D220BD6A900BF8588 /* HeadingAngleSmall@2x.png */ = {isa = PBXFileReference; lastKnownFileType = image.png; path = "HeadingAngleSmall@2x.png"; sourceTree = "<group>"; };
		6509B83E220BD6A900BF8588 /* icon_clustering.png */ = {isa = PBXFileReference; lastKnownFileType = image.png; path = icon_clustering.png; sourceTree = "<group>"; };
		6509B83F220BD6A900BF8588 /* icon_clustering@2x.png */ = {isa = PBXFileReference; lastKnownFileType = image.png; path = "icon_clustering@2x.png"; sourceTree = "<group>"; };
		6509B840220BD6A900BF8588 /* mapbg_tlogo.png */ = {isa = PBXFileReference; lastKnownFileType = image.png; path = mapbg_tlogo.png; sourceTree = "<group>"; };
		6509B841220BD6A900BF8588 /* mapbg_tlogo@2x.png */ = {isa = PBXFileReference; lastKnownFileType = image.png; path = "mapbg_tlogo@2x.png"; sourceTree = "<group>"; };
		6509B842220BD6A900BF8588 /* poweredby.png */ = {isa = PBXFileReference; lastKnownFileType = image.png; path = poweredby.png; sourceTree = "<group>"; };
		6509B843220BD6A900BF8588 /* poweredby@2x.png */ = {isa = PBXFileReference; lastKnownFileType = image.png; path = "poweredby@2x.png"; sourceTree = "<group>"; };
		6509B844220BD6A900BF8588 /* TrackingDot.png */ = {isa = PBXFileReference; lastKnownFileType = image.png; path = TrackingDot.png; sourceTree = "<group>"; };
		6509B845220BD6A900BF8588 /* TrackingDot@2x.png */ = {isa = PBXFileReference; lastKnownFileType = image.png; path = "TrackingDot@2x.png"; sourceTree = "<group>"; };
		6509B846220BD6A900BF8588 /* TrackingDotHalo.png */ = {isa = PBXFileReference; lastKnownFileType = image.png; path = TrackingDotHalo.png; sourceTree = "<group>"; };
		6509B847220BD6A900BF8588 /* TrackingDotHalo@2x.png */ = {isa = PBXFileReference; lastKnownFileType = image.png; path = "TrackingDotHalo@2x.png"; sourceTree = "<group>"; };
		6509B848220BD6A900BF8588 /* TopLib_Op.a */ = {isa = PBXFileReference; lastKnownFileType = archive.ar; path = TopLib_Op.a; sourceTree = "<group>"; };
		6516427521F804CA00F29B16 /* TMap-Test.app */ = {isa = PBXFileReference; explicitFileType = wrapper.application; includeInIndex = 0; path = "TMap-Test.app"; sourceTree = BUILT_PRODUCTS_DIR; };
		6516427821F804CA00F29B16 /* AppDelegate.h */ = {isa = PBXFileReference; lastKnownFileType = sourcecode.c.h; path = AppDelegate.h; sourceTree = "<group>"; };
		6516427921F804CA00F29B16 /* AppDelegate.m */ = {isa = PBXFileReference; lastKnownFileType = sourcecode.c.objc; path = AppDelegate.m; sourceTree = "<group>"; };
		6516427B21F804CA00F29B16 /* CurrentLocationViewController.h */ = {isa = PBXFileReference; lastKnownFileType = sourcecode.c.h; path = CurrentLocationViewController.h; sourceTree = "<group>"; };
		6516427C21F804CA00F29B16 /* CurrentLocationViewController.m */ = {isa = PBXFileReference; lastKnownFileType = sourcecode.c.objc; path = CurrentLocationViewController.m; sourceTree = "<group>"; };
		6516427E21F804CA00F29B16 /* SecondViewController.h */ = {isa = PBXFileReference; lastKnownFileType = sourcecode.c.h; path = SecondViewController.h; sourceTree = "<group>"; };
		6516427F21F804CA00F29B16 /* SecondViewController.m */ = {isa = PBXFileReference; lastKnownFileType = sourcecode.c.objc; path = SecondViewController.m; sourceTree = "<group>"; };
		6516428221F804CA00F29B16 /* Base */ = {isa = PBXFileReference; lastKnownFileType = file.storyboard; name = Base; path = Base.lproj/Main.storyboard; sourceTree = "<group>"; };
		6516428721F804D400F29B16 /* Base */ = {isa = PBXFileReference; lastKnownFileType = file.storyboard; name = Base; path = Base.lproj/LaunchScreen.storyboard; sourceTree = "<group>"; };
		6516428921F804D400F29B16 /* Info.plist */ = {isa = PBXFileReference; lastKnownFileType = text.plist.xml; path = Info.plist; sourceTree = "<group>"; };
		6516428A21F804D400F29B16 /* main.m */ = {isa = PBXFileReference; lastKnownFileType = sourcecode.c.objc; path = main.m; sourceTree = "<group>"; };
		651642C221F8066900F29B16 /* CoreTelephony.framework */ = {isa = PBXFileReference; lastKnownFileType = wrapper.framework; name = CoreTelephony.framework; path = System/Library/Frameworks/CoreTelephony.framework; sourceTree = SDKROOT; };
		6516433821F81BEC00F29B16 /* Assets.xcassets */ = {isa = PBXFileReference; lastKnownFileType = folder.assetcatalog; path = Assets.xcassets; sourceTree = "<group>"; };
/* End PBXFileReference section */

/* Begin PBXFrameworksBuildPhase section */
		6516427221F804CA00F29B16 /* Frameworks */ = {
			isa = PBXFrameworksBuildPhase;
			buildActionMask = 2147483647;
			files = (
				6509B855220BD6A900BF8588 /* TopLib_Op.a in Frameworks */,
				651642C321F8066900F29B16 /* CoreTelephony.framework in Frameworks */,
			);
			runOnlyForDeploymentPostprocessing = 0;
		};
/* End PBXFrameworksBuildPhase section */

/* Begin PBXGroup section */
		6509B826220BD6A900BF8588 /* lib */ = {
			isa = PBXGroup;
			children = (
				6509B827220BD6A900BF8588 /* Headers */,
				6509B83B220BD6A900BF8588 /* Images */,
				6509B848220BD6A900BF8588 /* TopLib_Op.a */,
			);
			path = lib;
			sourceTree = "<group>";
		};
		6509B827220BD6A900BF8588 /* Headers */ = {
			isa = PBXGroup;
			children = (
				6509B828220BD6A900BF8588 /* BizCategory.h */,
				6509B829220BD6A900BF8588 /* TMap.h */,
				6509B82A220BD6A900BF8588 /* TMapAnnotation.h */,
				6509B82B220BD6A900BF8588 /* TMapBaseView.h */,
				6509B82C220BD6A900BF8588 /* TMapCircle.h */,
				6509B82D220BD6A900BF8588 /* TMapGpsManager.h */,
				6509B82E220BD6A900BF8588 /* TMapKatec.h */,
				6509B82F220BD6A900BF8588 /* TMapMarkerItem.h */,
				6509B830220BD6A900BF8588 /* TMapMarkerItem2.h */,
				6509B831220BD6A900BF8588 /* TMapObject.h */,
				6509B832220BD6A900BF8588 /* TMapOverlayItem.h */,
				6509B833220BD6A900BF8588 /* TMapPathData.h */,
				6509B834220BD6A900BF8588 /* TMapPOIItem.h */,
				6509B835220BD6A900BF8588 /* TMapPoint.h */,
				6509B836220BD6A900BF8588 /* TMapPolygon.h */,
				6509B837220BD6A900BF8588 /* TMapPolyLine.h */,
				6509B838220BD6A900BF8588 /* TMapTapi.h */,
				6509B839220BD6A900BF8588 /* TMapType.h */,
				6509B83A220BD6A900BF8588 /* TMapView.h */,
			);
			path = Headers;
			sourceTree = "<group>";
		};
		6509B83B220BD6A900BF8588 /* Images */ = {
			isa = PBXGroup;
			children = (
				6509B83C220BD6A900BF8588 /* HeadingAngleSmall.png */,
				6509B83D220BD6A900BF8588 /* HeadingAngleSmall@2x.png */,
				6509B83E220BD6A900BF8588 /* icon_clustering.png */,
				6509B83F220BD6A900BF8588 /* icon_clustering@2x.png */,
				6509B840220BD6A900BF8588 /* mapbg_tlogo.png */,
				6509B841220BD6A900BF8588 /* mapbg_tlogo@2x.png */,
				6509B842220BD6A900BF8588 /* poweredby.png */,
				6509B843220BD6A900BF8588 /* poweredby@2x.png */,
				6509B844220BD6A900BF8588 /* TrackingDot.png */,
				6509B845220BD6A900BF8588 /* TrackingDot@2x.png */,
				6509B846220BD6A900BF8588 /* TrackingDotHalo.png */,
				6509B847220BD6A900BF8588 /* TrackingDotHalo@2x.png */,
			);
			path = Images;
			sourceTree = "<group>";
		};
		6516426C21F804CA00F29B16 = {
			isa = PBXGroup;
			children = (
				6516427721F804CA00F29B16 /* TMap-Test */,
				6516427621F804CA00F29B16 /* Products */,
				651642C121F8066800F29B16 /* Frameworks */,
			);
			sourceTree = "<group>";
		};
		6516427621F804CA00F29B16 /* Products */ = {
			isa = PBXGroup;
			children = (
				6516427521F804CA00F29B16 /* TMap-Test.app */,
			);
			name = Products;
			sourceTree = "<group>";
		};
		6516427721F804CA00F29B16 /* TMap-Test */ = {
			isa = PBXGroup;
			children = (
				6509B826220BD6A900BF8588 /* lib */,
				6516433821F81BEC00F29B16 /* Assets.xcassets */,
				6516427821F804CA00F29B16 /* AppDelegate.h */,
				6516427921F804CA00F29B16 /* AppDelegate.m */,
				6516427B21F804CA00F29B16 /* CurrentLocationViewController.h */,
				6516427C21F804CA00F29B16 /* CurrentLocationViewController.m */,
				6516428921F804D400F29B16 /* Info.plist */,
				6516428621F804D400F29B16 /* LaunchScreen.storyboard */,
				6516428A21F804D400F29B16 /* main.m */,
				6516428121F804CA00F29B16 /* Main.storyboard */,
				6516427E21F804CA00F29B16 /* SecondViewController.h */,
				6516427F21F804CA00F29B16 /* SecondViewController.m */,
			);
			path = "TMap-Test";
			sourceTree = "<group>";
		};
		651642C121F8066800F29B16 /* Frameworks */ = {
			isa = PBXGroup;
			children = (
				651642C221F8066900F29B16 /* CoreTelephony.framework */,
			);
			name = Frameworks;
			sourceTree = "<group>";
		};
/* End PBXGroup section */

/* Begin PBXNativeTarget section */
		6516427421F804CA00F29B16 /* TMap-Test */ = {
			isa = PBXNativeTarget;
			buildConfigurationList = 6516428E21F804D400F29B16 /* Build configuration list for PBXNativeTarget "TMap-Test" */;
			buildPhases = (
				6516427121F804CA00F29B16 /* Sources */,
				6516427221F804CA00F29B16 /* Frameworks */,
				6516427321F804CA00F29B16 /* Resources */,
			);
			buildRules = (
			);
			dependencies = (
			);
			name = "TMap-Test";
			productName = "TMap-Test";
			productReference = 6516427521F804CA00F29B16 /* TMap-Test.app */;
			productType = "com.apple.product-type.application";
		};
/* End PBXNativeTarget section */

/* Begin PBXProject section */
		6516426D21F804CA00F29B16 /* Project object */ = {
			isa = PBXProject;
			attributes = {
				LastUpgradeCheck = 1010;
				ORGANIZATIONNAME = com.humantrion;
				TargetAttributes = {
					6516427421F804CA00F29B16 = {
						CreatedOnToolsVersion = 10.1;
					};
				};
			};
			buildConfigurationList = 6516427021F804CA00F29B16 /* Build configuration list for PBXProject "TMap-Test" */;
			compatibilityVersion = "Xcode 9.3";
			developmentRegion = en;
			hasScannedForEncodings = 0;
			knownRegions = (
				en,
				Base,
			);
			mainGroup = 6516426C21F804CA00F29B16;
			productRefGroup = 6516427621F804CA00F29B16 /* Products */;
			projectDirPath = "";
			projectRoot = "";
			targets = (
				6516427421F804CA00F29B16 /* TMap-Test */,
			);
		};
/* End PBXProject section */

/* Begin PBXResourcesBuildPhase section */
		6516427321F804CA00F29B16 /* Resources */ = {
			isa = PBXResourcesBuildPhase;
			buildActionMask = 2147483647;
			files = (
				6509B853220BD6A900BF8588 /* TrackingDotHalo.png in Resources */,
				6509B851220BD6A900BF8588 /* TrackingDot.png in Resources */,
				6509B84E220BD6A900BF8588 /* mapbg_tlogo@2x.png in Resources */,
				6509B84B220BD6A900BF8588 /* icon_clustering.png in Resources */,
				6509B852220BD6A900BF8588 /* TrackingDot@2x.png in Resources */,
				6509B849220BD6A900BF8588 /* HeadingAngleSmall.png in Resources */,
				6516433921F81BEC00F29B16 /* Assets.xcassets in Resources */,
				6516428821F804D400F29B16 /* LaunchScreen.storyboard in Resources */,
				6509B84F220BD6A900BF8588 /* poweredby.png in Resources */,
				6516428321F804CA00F29B16 /* Main.storyboard in Resources */,
				6509B84D220BD6A900BF8588 /* mapbg_tlogo.png in Resources */,
				6509B84A220BD6A900BF8588 /* HeadingAngleSmall@2x.png in Resources */,
				6509B850220BD6A900BF8588 /* poweredby@2x.png in Resources */,
				6509B854220BD6A900BF8588 /* TrackingDotHalo@2x.png in Resources */,
				6509B84C220BD6A900BF8588 /* icon_clustering@2x.png in Resources */,
			);
			runOnlyForDeploymentPostprocessing = 0;
		};
/* End PBXResourcesBuildPhase section */

/* Begin PBXSourcesBuildPhase section */
		6516427121F804CA00F29B16 /* Sources */ = {
			isa = PBXSourcesBuildPhase;
			buildActionMask = 2147483647;
			files = (
				6516428021F804CA00F29B16 /* SecondViewController.m in Sources */,
				6516427A21F804CA00F29B16 /* AppDelegate.m in Sources */,
				6516428B21F804D400F29B16 /* main.m in Sources */,
				6516427D21F804CA00F29B16 /* CurrentLocationViewController.m in Sources */,
			);
			runOnlyForDeploymentPostprocessing = 0;
		};
/* End PBXSourcesBuildPhase section */

/* Begin PBXVariantGroup section */
		6516428121F804CA00F29B16 /* Main.storyboard */ = {
			isa = PBXVariantGroup;
			children = (
				6516428221F804CA00F29B16 /* Base */,
			);
			name = Main.storyboard;
			sourceTree = "<group>";
		};
		6516428621F804D400F29B16 /* LaunchScreen.storyboard */ = {
			isa = PBXVariantGroup;
			children = (
				6516428721F804D400F29B16 /* Base */,
			);
			name = LaunchScreen.storyboard;
			sourceTree = "<group>";
		};
/* End PBXVariantGroup section */

/* Begin XCBuildConfiguration section */
		6516428C21F804D400F29B16 /* Debug */ = {
			isa = XCBuildConfiguration;
			buildSettings = {
				ALWAYS_SEARCH_USER_PATHS = NO;
				CLANG_ANALYZER_NONNULL = YES;
				CLANG_ANALYZER_NUMBER_OBJECT_CONVERSION = YES_AGGRESSIVE;
				CLANG_CXX_LANGUAGE_STANDARD = "gnu++14";
				CLANG_CXX_LIBRARY = "libc++";
				CLANG_ENABLE_MODULES = YES;
				CLANG_ENABLE_OBJC_ARC = YES;
				CLANG_ENABLE_OBJC_WEAK = YES;
				CLANG_WARN_BLOCK_CAPTURE_AUTORELEASING = YES;
				CLANG_WARN_BOOL_CONVERSION = YES;
				CLANG_WARN_COMMA = YES;
				CLANG_WARN_CONSTANT_CONVERSION = YES;
				CLANG_WARN_DEPRECATED_OBJC_IMPLEMENTATIONS = YES;
				CLANG_WARN_DIRECT_OBJC_ISA_USAGE = YES_ERROR;
				CLANG_WARN_DOCUMENTATION_COMMENTS = YES;
				CLANG_WARN_EMPTY_BODY = YES;
				CLANG_WARN_ENUM_CONVERSION = YES;
				CLANG_WARN_INFINITE_RECURSION = YES;
				CLANG_WARN_INT_CONVERSION = YES;
				CLANG_WARN_NON_LITERAL_NULL_CONVERSION = YES;
				CLANG_WARN_OBJC_IMPLICIT_RETAIN_SELF = YES;
				CLANG_WARN_OBJC_LITERAL_CONVERSION = YES;
				CLANG_WARN_OBJC_ROOT_CLASS = YES_ERROR;
				CLANG_WARN_RANGE_LOOP_ANALYSIS = YES;
				CLANG_WARN_STRICT_PROTOTYPES = YES;
				CLANG_WARN_SUSPICIOUS_MOVE = YES;
				CLANG_WARN_UNGUARDED_AVAILABILITY = YES_AGGRESSIVE;
				CLANG_WARN_UNREACHABLE_CODE = YES;
				CLANG_WARN__DUPLICATE_METHOD_MATCH = YES;
				CODE_SIGN_IDENTITY = "iPhone Developer";
				COPY_PHASE_STRIP = NO;
				DEBUG_INFORMATION_FORMAT = dwarf;
				ENABLE_STRICT_OBJC_MSGSEND = YES;
				ENABLE_TESTABILITY = YES;
				GCC_C_LANGUAGE_STANDARD = gnu11;
				GCC_DYNAMIC_NO_PIC = NO;
				GCC_NO_COMMON_BLOCKS = YES;
				GCC_OPTIMIZATION_LEVEL = 0;
				GCC_PREPROCESSOR_DEFINITIONS = (
					"DEBUG=1",
					"$(inherited)",
				);
				GCC_WARN_64_TO_32_BIT_CONVERSION = YES;
				GCC_WARN_ABOUT_RETURN_TYPE = YES_ERROR;
				GCC_WARN_UNDECLARED_SELECTOR = YES;
				GCC_WARN_UNINITIALIZED_AUTOS = YES_AGGRESSIVE;
				GCC_WARN_UNUSED_FUNCTION = YES;
				GCC_WARN_UNUSED_VARIABLE = YES;
				IPHONEOS_DEPLOYMENT_TARGET = 12.1;
				MTL_ENABLE_DEBUG_INFO = INCLUDE_SOURCE;
				MTL_FAST_MATH = YES;
				ONLY_ACTIVE_ARCH = YES;
				SDKROOT = iphoneos;
			};
			name = Debug;
		};
		6516428D21F804D400F29B16 /* Release */ = {
			isa = XCBuildConfiguration;
			buildSettings = {
				ALWAYS_SEARCH_USER_PATHS = NO;
				CLANG_ANALYZER_NONNULL = YES;
				CLANG_ANALYZER_NUMBER_OBJECT_CONVERSION = YES_AGGRESSIVE;
				CLANG_CXX_LANGUAGE_STANDARD = "gnu++14";
				CLANG_CXX_LIBRARY = "libc++";
				CLANG_ENABLE_MODULES = YES;
				CLANG_ENABLE_OBJC_ARC = YES;
				CLANG_ENABLE_OBJC_WEAK = YES;
				CLANG_WARN_BLOCK_CAPTURE_AUTORELEASING = YES;
				CLANG_WARN_BOOL_CONVERSION = YES;
				CLANG_WARN_COMMA = YES;
				CLANG_WARN_CONSTANT_CONVERSION = YES;
				CLANG_WARN_DEPRECATED_OBJC_IMPLEMENTATIONS = YES;
				CLANG_WARN_DIRECT_OBJC_ISA_USAGE = YES_ERROR;
				CLANG_WARN_DOCUMENTATION_COMMENTS = YES;
				CLANG_WARN_EMPTY_BODY = YES;
				CLANG_WARN_ENUM_CONVERSION = YES;
				CLANG_WARN_INFINITE_RECURSION = YES;
				CLANG_WARN_INT_CONVERSION = YES;
				CLANG_WARN_NON_LITERAL_NULL_CONVERSION = YES;
				CLANG_WARN_OBJC_IMPLICIT_RETAIN_SELF = YES;
				CLANG_WARN_OBJC_LITERAL_CONVERSION = YES;
				CLANG_WARN_OBJC_ROOT_CLASS = YES_ERROR;
				CLANG_WARN_RANGE_LOOP_ANALYSIS = YES;
				CLANG_WARN_STRICT_PROTOTYPES = YES;
				CLANG_WARN_SUSPICIOUS_MOVE = YES;
				CLANG_WARN_UNGUARDED_AVAILABILITY = YES_AGGRESSIVE;
				CLANG_WARN_UNREACHABLE_CODE = YES;
				CLANG_WARN__DUPLICATE_METHOD_MATCH = YES;
				CODE_SIGN_IDENTITY = "iPhone Developer";
				COPY_PHASE_STRIP = NO;
				DEBUG_INFORMATION_FORMAT = "dwarf-with-dsym";
				ENABLE_NS_ASSERTIONS = NO;
				ENABLE_STRICT_OBJC_MSGSEND = YES;
				GCC_C_LANGUAGE_STANDARD = gnu11;
				GCC_NO_COMMON_BLOCKS = YES;
				GCC_WARN_64_TO_32_BIT_CONVERSION = YES;
				GCC_WARN_ABOUT_RETURN_TYPE = YES_ERROR;
				GCC_WARN_UNDECLARED_SELECTOR = YES;
				GCC_WARN_UNINITIALIZED_AUTOS = YES_AGGRESSIVE;
				GCC_WARN_UNUSED_FUNCTION = YES;
				GCC_WARN_UNUSED_VARIABLE = YES;
				IPHONEOS_DEPLOYMENT_TARGET = 12.1;
				MTL_ENABLE_DEBUG_INFO = NO;
				MTL_FAST_MATH = YES;
				SDKROOT = iphoneos;
				VALIDATE_PRODUCT = YES;
			};
			name = Release;
		};
		6516428F21F804D400F29B16 /* Debug */ = {
			isa = XCBuildConfiguration;
			buildSettings = {
				ASSETCATALOG_COMPILER_APPICON_NAME = AppIcon;
				CODE_SIGN_STYLE = Automatic;
				DEVELOPMENT_TEAM = 57TG9EHYU6;
				INFOPLIST_FILE = "TMap-Test/Info.plist";
				LD_RUNPATH_SEARCH_PATHS = (
					"$(inherited)",
					"@executable_path/Frameworks",
				);
				LIBRARY_SEARCH_PATHS = (
					"$(inherited)",
					"$(PROJECT_DIR)/TMap-Test/lib",
				);
				PRODUCT_BUNDLE_IDENTIFIER = "thcho.TMap-Test";
				PRODUCT_NAME = "$(TARGET_NAME)";
				TARGETED_DEVICE_FAMILY = "1,2";
			};
			name = Debug;
		};
		6516429021F804D400F29B16 /* Release */ = {
			isa = XCBuildConfiguration;
			buildSettings = {
				ASSETCATALOG_COMPILER_APPICON_NAME = AppIcon;
				CODE_SIGN_STYLE = Automatic;
				DEVELOPMENT_TEAM = 57TG9EHYU6;
				INFOPLIST_FILE = "TMap-Test/Info.plist";
				LD_RUNPATH_SEARCH_PATHS = (
					"$(inherited)",
					"@executable_path/Frameworks",
				);
				LIBRARY_SEARCH_PATHS = (
					"$(inherited)",
					"$(PROJECT_DIR)/TMap-Test/lib",
				);
				PRODUCT_BUNDLE_IDENTIFIER = "thcho.TMap-Test";
				PRODUCT_NAME = "$(TARGET_NAME)";
				TARGETED_DEVICE_FAMILY = "1,2";
			};
			name = Release;
		};
/* End XCBuildConfiguration section */

/* Begin XCConfigurationList section */
		6516427021F804CA00F29B16 /* Build configuration list for PBXProject "TMap-Test" */ = {
			isa = XCConfigurationList;
			buildConfigurations = (
				6516428C21F804D400F29B16 /* Debug */,
				6516428D21F804D400F29B16 /* Release */,
			);
			defaultConfigurationIsVisible = 0;
			defaultConfigurationName = Release;
		};
		6516428E21F804D400F29B16 /* Build configuration list for PBXNativeTarget "TMap-Test" */ = {
			isa = XCConfigurationList;
			buildConfigurations = (
				6516428F21F804D400F29B16 /* Debug */,
				6516429021F804D400F29B16 /* Release */,
			);
			defaultConfigurationIsVisible = 0;
			defaultConfigurationName = Release;
		};
/* End XCConfigurationList section */
	};
	rootObject = 6516426D21F804CA00F29B16 /* Project object */;
}
